
Microsoft Visual Studio Solution File, Format Version 12.00
# Visual Studio Version 17
VisualStudioVersion = 17.14.37216.2 d17.14
MinimumVisualStudioVersion = 10.0.40219.1
Project("{FAE04EC0-301F-11D3-BF4B-00C04F79EFBC}") = "K-Gest", "K-Gest\K-Gest.csproj", "{89BE5B5E-DAC7-4848-BE1A-9202B35F1CFB}"
EndProject
Global
	GlobalSection(SolutionConfigurationPlatforms) = preSolution
		Debug|Any CPU = Debug|Any CPU
		Release|Any CPU = Release|Any CPU
	EndGlobalSection
	GlobalSection(ProjectConfigurationPlatforms) = postSolution
		{89BE5B5E-DAC7-4848-BE1A-9202B35F1CFB}.Debug|Any CPU.ActiveCfg = Debug|Any CPU
		{89BE5B5E-DAC7-4848-BE1A-9202B35F1CFB}.Debug|Any CPU.Build.0 = Debug|Any CPU
		{89BE5B5E-DAC7-4848-BE1A-9202B35F1CFB}.Release|Any CPU.ActiveCfg = Release|Any CPU
		{89BE5B5E-DAC7-4848-BE1A-9202B35F1CFB}.Release|Any CPU.Build.0 = Release|Any CPU
	EndGlobalSection
	GlobalSection(SolutionProperties) = preSolution
		HideSolutionNode = FALSE
	EndGlobalSection
	GlobalSection(ExtensibilityGlobals) = postSolution
		SolutionGuid = {5D721C9D-169C-4946-81D0-E4FE5F2F613C}
	EndGlobalSection
EndGlobal
